
Microsoft Visual Studio Solution File, Format Version 12.00
# Visual Studio Version 17
VisualStudioVersion = 17.6.33723.286
MinimumVisualStudioVersion = 10.0.40219.1
Project("{FAE04EC0-301F-11D3-BF4B-00C04F79EFBC}") = "weatherapi", "weatherapi\weatherapi.csproj", "{F4921E54-B55F-40DB-9801-185505E39DB9}"
EndProject
Global
	GlobalSection(SolutionConfigurationPlatforms) = preSolution
		Debug|Any CPU = Debug|Any CPU
		Release|Any CPU = Release|Any CPU
	EndGlobalSection
	GlobalSection(ProjectConfigurationPlatforms) = postSolution
		{F4921E54-B55F-40DB-9801-185505E39DB9}.Debug|Any CPU.ActiveCfg = Debug|Any CPU
		{F4921E54-B55F-40DB-9801-185505E39DB9}.Debug|Any CPU.Build.0 = Debug|Any CPU
		{F4921E54-B55F-40DB-9801-185505E39DB9}.Release|Any CPU.ActiveCfg = Release|Any CPU
		{F4921E54-B55F-40DB-9801-185505E39DB9}.Release|Any CPU.Build.0 = Release|Any CPU
	EndGlobalSection
	GlobalSection(SolutionProperties) = preSolution
		HideSolutionNode = FALSE
	EndGlobalSection
	GlobalSection(ExtensibilityGlobals) = postSolution
		SolutionGuid = {40F528E8-683C-4905-B20E-501F6C2C399F}
	EndGlobalSection
EndGlobal
